github.com/egzakutacno/go-crypto-ssh v0.54.0 h1:2kaV1DxLxr+WXOWPRVjTiJj4MfQsAWgV6jiRdxIVl04=
github.com/egzakutacno/go-crypto-ssh v0.54.0/go.mod h1:3Wg21CtFj2d+57n+/tx+sod3v4evvmZFFJAGZ8jNx3o=
golang.org/x/sys v0.47.0 h1:o7XGOvZQCADBQQ4Y7VNq2dRWQR7JmOUW8Kxx4ZsNgWs=
golang.org/x/sys v0.47.0/go.mod h1:4GL1E5IUh+htKOUEOaiffhrAeqysfVGipDYzABqnCmw=
golang.org/x/term v0.45.0 h1:NwWyBmoJCbfTHpxrWoZ9C6/VxOf7ic219I8xZZFdrf0=
golang.org/x/term v0.45.0/go.mod h1:9aqxs0blBcrm/n0L9QW0aRVD+ktan8ssZromtqJC43w=
